// !$*UTF8*$!
{
	archiveVersion = 1;
	classes = {
	};
	objectVersion = 46;
	objects = {

/* Begin PBXBuildFile section */
		184B71E91733FA2F0017273F /* UIKit.framework in Frameworks */ = {isa = PBXBuildFile; fileRef = 184B71E81733FA2F0017273F /* UIKit.framework */; };
		184B71EB1733FA2F0017273F /* Foundation.framework in Frameworks */ = {isa = PBXBuildFile; fileRef = 184B71EA1733FA2F0017273F /* Foundation.framework */; };
		184B71ED1733FA2F0017273F /* CoreGraphics.framework in Frameworks */ = {isa = PBXBuildFile; fileRef = 184B71EC1733FA2F0017273F /* CoreGraphics.framework */; };
		184B71F31733FA2F0017273F /* InfoPlist.strings in Resources */ = {isa = PBXBuildFile; fileRef = 184B71F11733FA2F0017273F /* InfoPlist.strings */; };
		184B71F51733FA2F0017273F /* main.m in Sources */ = {isa = PBXBuildFile; fileRef = 184B71F41733FA2F0017273F /* main.m */; };
		184B71F91733FA2F0017273F /* BWAppDelegate.m in Sources */ = {isa = PBXBuildFile; fileRef = 184B71F81733FA2F0017273F /* BWAppDelegate.m */; };
		184B71FB1733FA2F0017273F /* Default.png in Resources */ = {isa = PBXBuildFile; fileRef = 184B71FA1733FA2F0017273F /* Default.png */; };
		184B71FD1733FA2F0017273F /* Default@2x.png in Resources */ = {isa = PBXBuildFile; fileRef = 184B71FC1733FA2F0017273F /* Default@2x.png */; };
		184B71FF1733FA2F0017273F /* Default-568h@2x.png in Resources */ = {isa = PBXBuildFile; fileRef = 184B71FE1733FA2F0017273F /* Default-568h@2x.png */; };
		184B72021733FA2F0017273F /* MainStoryboard.storyboard in Resources */ = {isa = PBXBuildFile; fileRef = 184B72001733FA2F0017273F /* MainStoryboard.storyboard */; };
		184B72051733FA2F0017273F /* BWViewController.m in Sources */ = {isa = PBXBuildFile; fileRef = 184B72041733FA2F0017273F /* BWViewController.m */; };
		184B720D173403B10017273F /* BWWeatherXMLParser.m in Sources */ = {isa = PBXBuildFile; fileRef = 184B720C173403B10017273F /* BWWeatherXMLParser.m */; };
		184B72101734064F0017273F /* BWWeather.m in Sources */ = {isa = PBXBuildFile; fileRef = 184B720F1734064E0017273F /* BWWeather.m */; };
		184B721317343EA50017273F /* BWLocationManager.m in Sources */ = {isa = PBXBuildFile; fileRef = 184B721217343EA50017273F /* BWLocationManager.m */; };
		184B721517343F680017273F /* CoreLocation.framework in Frameworks */ = {isa = PBXBuildFile; fileRef = 184B721417343F680017273F /* CoreLocation.framework */; };
		184B721B173507600017273F /* clear.png in Resources */ = {isa = PBXBuildFile; fileRef = 184B721A173507600017273F /* clear.png */; };
		184B721D1735076A0017273F /* cloudy.png in Resources */ = {isa = PBXBuildFile; fileRef = 184B721C1735076A0017273F /* cloudy.png */; };
		184B721F173507790017273F /* rainy.png in Resources */ = {isa = PBXBuildFile; fileRef = 184B721E173507790017273F /* rainy.png */; };
		184B7221173507860017273F /* snow.png in Resources */ = {isa = PBXBuildFile; fileRef = 184B7220173507860017273F /* snow.png */; };
		184B72231735078F0017273F /* storm.png in Resources */ = {isa = PBXBuildFile; fileRef = 184B72221735078F0017273F /* storm.png */; };
		184B7225173513420017273F /* ash.png in Resources */ = {isa = PBXBuildFile; fileRef = 184B7224173513420017273F /* ash.png */; };
		184B72271735139F0017273F /* dust.png in Resources */ = {isa = PBXBuildFile; fileRef = 184B72261735139F0017273F /* dust.png */; };
		184B7229173513AE0017273F /* fog.png in Resources */ = {isa = PBXBuildFile; fileRef = 184B7228173513AE0017273F /* fog.png */; };
		184B722B173513B90017273F /* hail.png in Resources */ = {isa = PBXBuildFile; fileRef = 184B722A173513B90017273F /* hail.png */; };
		184B722D173513C40017273F /* sand.png in Resources */ = {isa = PBXBuildFile; fileRef = 184B722C173513C40017273F /* sand.png */; };
		184B722F173557680017273F /* clouds.png in Resources */ = {isa = PBXBuildFile; fileRef = 184B722E173557670017273F /* clouds.png */; };
		184B72311735577F0017273F /* overcast.png in Resources */ = {isa = PBXBuildFile; fileRef = 184B72301735577F0017273F /* overcast.png */; };
		184B723317355B350017273F /* QuartzCore.framework in Frameworks */ = {isa = PBXBuildFile; fileRef = 184B723217355B350017273F /* QuartzCore.framework */; };
		184B72351743DD520017273F /* CoreData.framework in Frameworks */ = {isa = PBXBuildFile; fileRef = 184B72341743DD520017273F /* CoreData.framework */; };
		184B72381743DE000017273F /* BWWeatherModel.xcdatamodeld in Sources */ = {isa = PBXBuildFile; fileRef = 184B72361743DE000017273F /* BWWeatherModel.xcdatamodeld */; };
		184B723C17445F3C0017273F /* icon.png in Resources */ = {isa = PBXBuildFile; fileRef = 184B723B17445F3A0017273F /* icon.png */; };
		184B723F174460BF0017273F /* BWForecastViewController.m in Sources */ = {isa = PBXBuildFile; fileRef = 184B723E174460BF0017273F /* BWForecastViewController.m */; };
		184B7241174468740017273F /* sunny.png in Resources */ = {isa = PBXBuildFile; fileRef = 184B7240174468730017273F /* sunny.png */; };
		184B7243174468840017273F /* chanceofstorm.png in Resources */ = {isa = PBXBuildFile; fileRef = 184B7242174468830017273F /* chanceofstorm.png */; };
		184B7246174468B20017273F /* chanceofrain.png in Resources */ = {isa = PBXBuildFile; fileRef = 184B7244174468B20017273F /* chanceofrain.png */; };
		184B7247174468B20017273F /* chanceofsnow.png in Resources */ = {isa = PBXBuildFile; fileRef = 184B7245174468B20017273F /* chanceofsnow.png */; };
		184B7249174468E10017273F /* cloudypic.png in Resources */ = {isa = PBXBuildFile; fileRef = 184B7248174468E10017273F /* cloudypic.png */; };
		184B724B1744696C0017273F /* fogpic.png in Resources */ = {isa = PBXBuildFile; fileRef = 184B724A1744696C0017273F /* fogpic.png */; };
		184B724D174469740017273F /* hazepic.png in Resources */ = {isa = PBXBuildFile; fileRef = 184B724C174469740017273F /* hazepic.png */; };
		184B724F174469AC0017273F /* overcastpic.png in Resources */ = {isa = PBXBuildFile; fileRef = 184B724E174469AB0017273F /* overcastpic.png */; };
		184B7251174469B50017273F /* partlysunnypic.png in Resources */ = {isa = PBXBuildFile; fileRef = 184B7250174469B50017273F /* partlysunnypic.png */; };
		184B7253174469C00017273F /* smokepic.png in Resources */ = {isa = PBXBuildFile; fileRef = 184B7252174469C00017273F /* smokepic.png */; };
		184B7255174469FC0017273F /* na.png in Resources */ = {isa = PBXBuildFile; fileRef = 184B7254174469FB0017273F /* na.png */; };
		184B725817446B7C0017273F /* BWForecast.m in Sources */ = {isa = PBXBuildFile; fileRef = 184B725717446B7B0017273F /* BWForecast.m */; };
/* End PBXBuildFile section */

/* Begin PBXFileReference section */
		184B71E51733FA2F0017273F /* Best Weather.app */ = {isa = PBXFileReference; explicitFileType = wrapper.application; includeInIndex = 0; path = "Best Weather.app"; sourceTree = BUILT_PRODUCTS_DIR; };
		184B71E81733FA2F0017273F /* UIKit.framework */ = {isa = PBXFileReference; lastKnownFileType = wrapper.framework; name = UIKit.framework; path = System/Library/Frameworks/UIKit.framework; sourceTree = SDKROOT; };
		184B71EA1733FA2F0017273F /* Foundation.framework */ = {isa = PBXFileReference; lastKnownFileType = wrapper.framework; name = Foundation.framework; path = System/Library/Frameworks/Foundation.framework; sourceTree = SDKROOT; };
		184B71EC1733FA2F0017273F /* CoreGraphics.framework */ = {isa = PBXFileReference; lastKnownFileType = wrapper.framework; name = CoreGraphics.framework; path = System/Library/Frameworks/CoreGraphics.framework; sourceTree = SDKROOT; };
		184B71F01733FA2F0017273F /* Best Weather-Info.plist */ = {isa = PBXFileReference; lastKnownFileType = text.plist.xml; path = "Best Weather-Info.plist"; sourceTree = "<group>"; };
		184B71F21733FA2F0017273F /* en */ = {isa = PBXFileReference; lastKnownFileType = text.plist.strings; name = en; path = en.lproj/InfoPlist.strings; sourceTree = "<group>"; };
		184B71F41733FA2F0017273F /* main.m */ = {isa = PBXFileReference; lastKnownFileType = sourcecode.c.objc; path = main.m; sourceTree = "<group>"; };
		184B71F61733FA2F0017273F /* Best Weather-Prefix.pch */ = {isa = PBXFileReference; lastKnownFileType = sourcecode.c.h; path = "Best Weather-Prefix.pch"; sourceTree = "<group>"; };
		184B71F71733FA2F0017273F /* BWAppDelegate.h */ = {isa = PBXFileReference; lastKnownFileType = sourcecode.c.h; path = BWAppDelegate.h; sourceTree = "<group>"; };
		184B71F81733FA2F0017273F /* BWAppDelegate.m */ = {isa = PBXFileReference; lastKnownFileType = sourcecode.c.objc; path = BWAppDelegate.m; sourceTree = "<group>"; };
		184B71FA1733FA2F0017273F /* Default.png */ = {isa = PBXFileReference; lastKnownFileType = image.png; path = Default.png; sourceTree = "<group>"; };
		184B71FC1733FA2F0017273F /* Default@2x.png */ = {isa = PBXFileReference; lastKnownFileType = image.png; path = "Default@2x.png"; sourceTree = "<group>"; };
		184B71FE1733FA2F0017273F /* Default-568h@2x.png */ = {isa = PBXFileReference; lastKnownFileType = image.png; path = "Default-568h@2x.png"; sourceTree = "<group>"; };
		184B72011733FA2F0017273F /* en */ = {isa = PBXFileReference; lastKnownFileType = file.storyboard; name = en; path = en.lproj/MainStoryboard.storyboard; sourceTree = "<group>"; };
		184B72031733FA2F0017273F /* BWViewController.h */ = {isa = PBXFileReference; lastKnownFileType = sourcecode.c.h; path = BWViewController.h; sourceTree = "<group>"; };
		184B72041733FA2F0017273F /* BWViewController.m */ = {isa = PBXFileReference; lastKnownFileType = sourcecode.c.objc; path = BWViewController.m; sourceTree = "<group>"; };
		184B720B173403B10017273F /* BWWeatherXMLParser.h */ = {isa = PBXFileReference; fileEncoding = 4; lastKnownFileType = sourcecode.c.h; path = BWWeatherXMLParser.h; sourceTree = "<group>"; };
		184B720C173403B10017273F /* BWWeatherXMLParser.m */ = {isa = PBXFileReference; fileEncoding = 4; lastKnownFileType = sourcecode.c.objc; path = BWWeatherXMLParser.m; sourceTree = "<group>"; };
		184B720E1734064E0017273F /* BWWeather.h */ = {isa = PBXFileReference; fileEncoding = 4; lastKnownFileType = sourcecode.c.h; path = BWWeather.h; sourceTree = "<group>"; };
		184B720F1734064E0017273F /* BWWeather.m */ = {isa = PBXFileReference; fileEncoding = 4; lastKnownFileType = sourcecode.c.objc; path = BWWeather.m; sourceTree = "<group>"; };
		184B721117343EA40017273F /* BWLocationManager.h */ = {isa = PBXFileReference; fileEncoding = 4; lastKnownFileType = sourcecode.c.h; path = BWLocationManager.h; sourceTree = "<group>"; };
		184B721217343EA50017273F /* BWLocationManager.m */ = {isa = PBXFileReference; fileEncoding = 4; lastKnownFileType = sourcecode.c.objc; path = BWLocationManager.m; sourceTree = "<group>"; };
		184B721417343F680017273F /* CoreLocation.framework */ = {isa = PBXFileReference; lastKnownFileType = wrapper.framework; name = CoreLocation.framework; path = System/Library/Frameworks/CoreLocation.framework; sourceTree = SDKROOT; };
		184B721A173507600017273F /* clear.png */ = {isa = PBXFileReference; lastKnownFileType = image.png; path = clear.png; sourceTree = "<group>"; };
		184B721C1735076A0017273F /* cloudy.png */ = {isa = PBXFileReference; lastKnownFileType = image.png; path = cloudy.png; sourceTree = "<group>"; };
		184B721E173507790017273F /* rainy.png */ = {isa = PBXFileReference; lastKnownFileType = image.png; path = rainy.png; sourceTree = "<group>"; };
		184B7220173507860017273F /* snow.png */ = {isa = PBXFileReference; lastKnownFileType = image.png; path = snow.png; sourceTree = "<group>"; };
		184B72221735078F0017273F /* storm.png */ = {isa = PBXFileReference; lastKnownFileType = image.png; path = storm.png; sourceTree = "<group>"; };
		184B7224173513420017273F /* ash.png */ = {isa = PBXFileReference; lastKnownFileType = image.png; path = ash.png; sourceTree = "<group>"; };
		184B72261735139F0017273F /* dust.png */ = {isa = PBXFileReference; lastKnownFileType = image.png; path = dust.png; sourceTree = "<group>"; };
		184B7228173513AE0017273F /* fog.png */ = {isa = PBXFileReference; lastKnownFileType = image.png; path = fog.png; sourceTree = "<group>"; };
		184B722A173513B90017273F /* hail.png */ = {isa = PBXFileReference; lastKnownFileType = image.png; path = hail.png; sourceTree = "<group>"; };
		184B722C173513C40017273F /* sand.png */ = {isa = PBXFileReference; lastKnownFileType = image.png; path = sand.png; sourceTree = "<group>"; };
		184B722E173557670017273F /* clouds.png */ = {isa = PBXFileReference; lastKnownFileType = image.png; path = clouds.png; sourceTree = "<group>"; };
		184B72301735577F0017273F /* overcast.png */ = {isa = PBXFileReference; lastKnownFileType = image.png; path = overcast.png; sourceTree = "<group>"; };
		184B723217355B350017273F /* QuartzCore.framework */ = {isa = PBXFileReference; lastKnownFileType = wrapper.framework; name = QuartzCore.framework; path = System/Library/Frameworks/QuartzCore.framework; sourceTree = SDKROOT; };
		184B72341743DD520017273F /* CoreData.framework */ = {isa = PBXFileReference; lastKnownFileType = wrapper.framework; name = CoreData.framework; path = System/Library/Frameworks/CoreData.framework; sourceTree = SDKROOT; };
		184B72371743DE000017273F /* BWWeatherModel.xcdatamodel */ = {isa = PBXFileReference; lastKnownFileType = wrapper.xcdatamodel; path = BWWeatherModel.xcdatamodel; sourceTree = "<group>"; };
		184B723B17445F3A0017273F /* icon.png */ = {isa = PBXFileReference; lastKnownFileType = image.png; path = icon.png; sourceTree = "<group>"; };
		184B723D174460BE0017273F /* BWForecastViewController.h */ = {isa = PBXFileReference; fileEncoding = 4; lastKnownFileType = sourcecode.c.h; path = BWForecastViewController.h; sourceTree = "<group>"; };
		184B723E174460BF0017273F /* BWForecastViewController.m */ = {isa = PBXFileReference; fileEncoding = 4; lastKnownFileType = sourcecode.c.objc; path = BWForecastViewController.m; sourceTree = "<group>"; };
		184B7240174468730017273F /* sunny.png */ = {isa = PBXFileReference; lastKnownFileType = image.png; path = sunny.png; sourceTree = "<group>"; };
		184B7242174468830017273F /* chanceofstorm.png */ = {isa = PBXFileReference; lastKnownFileType = image.png; path = chanceofstorm.png; sourceTree = "<group>"; };
		184B7244174468B20017273F /* chanceofrain.png */ = {isa = PBXFileReference; lastKnownFileType = image.png; path = chanceofrain.png; sourceTree = "<group>"; };
		184B7245174468B20017273F /* chanceofsnow.png */ = {isa = PBXFileReference; lastKnownFileType = image.png; path = chanceofsnow.png; sourceTree = "<group>"; };
		184B7248174468E10017273F /* cloudypic.png */ = {isa = PBXFileReference; lastKnownFileType = image.png; path = cloudypic.png; sourceTree = "<group>"; };
		184B724A1744696C0017273F /* fogpic.png */ = {isa = PBXFileReference; lastKnownFileType = image.png; path = fogpic.png; sourceTree = "<group>"; };
		184B724C174469740017273F /* hazepic.png */ = {isa = PBXFileReference; lastKnownFileType = image.png; path = hazepic.png; sourceTree = "<group>"; };
		184B724E174469AB0017273F /* overcastpic.png */ = {isa = PBXFileReference; lastKnownFileType = image.png; path = overcastpic.png; sourceTree = "<group>"; };
		184B7250174469B50017273F /* partlysunnypic.png */ = {isa = PBXFileReference; lastKnownFileType = image.png; path = partlysunnypic.png; sourceTree = "<group>"; };
		184B7252174469C00017273F /* smokepic.png */ = {isa = PBXFileReference; lastKnownFileType = image.png; path = smokepic.png; sourceTree = "<group>"; };
		184B7254174469FB0017273F /* na.png */ = {isa = PBXFileReference; lastKnownFileType = image.png; path = na.png; sourceTree = "<group>"; };
		184B725617446B790017273F /* BWForecast.h */ = {isa = PBXFileReference; fileEncoding = 4; lastKnownFileType = sourcecode.c.h; path = BWForecast.h; sourceTree = "<group>"; };
		184B725717446B7B0017273F /* BWForecast.m */ = {isa = PBXFileReference; fileEncoding = 4; lastKnownFileType = sourcecode.c.objc; path = BWForecast.m; sourceTree = "<group>"; };
/* End PBXFileReference section */

/* Begin PBXFrameworksBuildPhase section */
		184B71E21733FA2F0017273F /* Frameworks */ = {
			isa = PBXFrameworksBuildPhase;
			buildActionMask = 2147483647;
			files = (
				184B72351743DD520017273F /* CoreData.framework in Frameworks */,
				184B723317355B350017273F /* QuartzCore.framework in Frameworks */,
				184B721517343F680017273F /* CoreLocation.framework in Frameworks */,
				184B71E91733FA2F0017273F /* UIKit.framework in Frameworks */,
				184B71EB1733FA2F0017273F /* Foundation.framework in Frameworks */,
				184B71ED1733FA2F0017273F /* CoreGraphics.framework in Frameworks */,
			);
			runOnlyForDeploymentPostprocessing = 0;
		};
/* End PBXFrameworksBuildPhase section */

/* Begin PBXGroup section */
		184B71DC1733FA2E0017273F = {
			isa = PBXGroup;
			children = (
				184B723B17445F3A0017273F /* icon.png */,
				184B71EE1733FA2F0017273F /* Best Weather */,
				184B71E71733FA2F0017273F /* Frameworks */,
				184B71E61733FA2F0017273F /* Products */,
			);
			sourceTree = "<group>";
		};
		184B71E61733FA2F0017273F /* Products */ = {
			isa = PBXGroup;
			children = (
				184B71E51733FA2F0017273F /* Best Weather.app */,
			);
			name = Products;
			sourceTree = "<group>";
		};
		184B71E71733FA2F0017273F /* Frameworks */ = {
			isa = PBXGroup;
			children = (
				184B72341743DD520017273F /* CoreData.framework */,
				184B723217355B350017273F /* QuartzCore.framework */,
				184B721417343F680017273F /* CoreLocation.framework */,
				184B71E81733FA2F0017273F /* UIKit.framework */,
				184B71EA1733FA2F0017273F /* Foundation.framework */,
				184B71EC1733FA2F0017273F /* CoreGraphics.framework */,
			);
			name = Frameworks;
			sourceTree = "<group>";
		};
		184B71EE1733FA2F0017273F /* Best Weather */ = {
			isa = PBXGroup;
			children = (
				184B7219173507430017273F /* Backgrounds */,
				184B71F71733FA2F0017273F /* BWAppDelegate.h */,
				184B71F81733FA2F0017273F /* BWAppDelegate.m */,
				184B72001733FA2F0017273F /* MainStoryboard.storyboard */,
				184B72031733FA2F0017273F /* BWViewController.h */,
				184B72041733FA2F0017273F /* BWViewController.m */,
				184B71EF1733FA2F0017273F /* Supporting Files */,
				184B720B173403B10017273F /* BWWeatherXMLParser.h */,
				184B720C173403B10017273F /* BWWeatherXMLParser.m */,
				184B720E1734064E0017273F /* BWWeather.h */,
				184B720F1734064E0017273F /* BWWeather.m */,
				184B721117343EA40017273F /* BWLocationManager.h */,
				184B721217343EA50017273F /* BWLocationManager.m */,
				184B72361743DE000017273F /* BWWeatherModel.xcdatamodeld */,
				184B723D174460BE0017273F /* BWForecastViewController.h */,
				184B723E174460BF0017273F /* BWForecastViewController.m */,
				184B725617446B790017273F /* BWForecast.h */,
				184B725717446B7B0017273F /* BWForecast.m */,
			);
			path = "Best Weather";
			sourceTree = "<group>";
		};
		184B71EF1733FA2F0017273F /* Supporting Files */ = {
			isa = PBXGroup;
			children = (
				184B71F01733FA2F0017273F /* Best Weather-Info.plist */,
				184B71F11733FA2F0017273F /* InfoPlist.strings */,
				184B71F41733FA2F0017273F /* main.m */,
				184B71F61733FA2F0017273F /* Best Weather-Prefix.pch */,
				184B71FA1733FA2F0017273F /* Default.png */,
				184B71FC1733FA2F0017273F /* Default@2x.png */,
				184B71FE1733FA2F0017273F /* Default-568h@2x.png */,
			);
			name = "Supporting Files";
			sourceTree = "<group>";
		};
		184B7219173507430017273F /* Backgrounds */ = {
			isa = PBXGroup;
			children = (
				184B7254174469FB0017273F /* na.png */,
				184B7252174469C00017273F /* smokepic.png */,
				184B7250174469B50017273F /* partlysunnypic.png */,
				184B724E174469AB0017273F /* overcastpic.png */,
				184B724C174469740017273F /* hazepic.png */,
				184B724A1744696C0017273F /* fogpic.png */,
				184B7248174468E10017273F /* cloudypic.png */,
				184B7244174468B20017273F /* chanceofrain.png */,
				184B7245174468B20017273F /* chanceofsnow.png */,
				184B7242174468830017273F /* chanceofstorm.png */,
				184B7240174468730017273F /* sunny.png */,
				184B72301735577F0017273F /* overcast.png */,
				184B722E173557670017273F /* clouds.png */,
				184B722C173513C40017273F /* sand.png */,
				184B722A173513B90017273F /* hail.png */,
				184B7228173513AE0017273F /* fog.png */,
				184B72261735139F0017273F /* dust.png */,
				184B7224173513420017273F /* ash.png */,
				184B72221735078F0017273F /* storm.png */,
				184B7220173507860017273F /* snow.png */,
				184B721E173507790017273F /* rainy.png */,
				184B721C1735076A0017273F /* cloudy.png */,
				184B721A173507600017273F /* clear.png */,
			);
			name = Backgrounds;
			sourceTree = "<group>";
		};
/* End PBXGroup section */

/* Begin PBXNativeTarget section */
		184B71E41733FA2F0017273F /* Best Weather */ = {
			isa = PBXNativeTarget;
			buildConfigurationList = 184B72081733FA2F0017273F /* Build configuration list for PBXNativeTarget "Best Weather" */;
			buildPhases = (
				184B71E11733FA2F0017273F /* Sources */,
				184B71E21733FA2F0017273F /* Frameworks */,
				184B71E31733FA2F0017273F /* Resources */,
			);
			buildRules = (
			);
			dependencies = (
			);
			name = "Best Weather";
			productName = "Best Weather";
			productReference = 184B71E51733FA2F0017273F /* Best Weather.app */;
			productType = "com.apple.product-type.application";
		};
/* End PBXNativeTarget section */

/* Begin PBXProject section */
		184B71DD1733FA2F0017273F /* Project object */ = {
			isa = PBXProject;
			attributes = {
				CLASSPREFIX = BW;
				LastUpgradeCheck = 0460;
				ORGANIZATIONNAME = "Szabolcs Varadi";
			};
			buildConfigurationList = 184B71E01733FA2F0017273F /* Build configuration list for PBXProject "Best Weather" */;
			compatibilityVersion = "Xcode 3.2";
			developmentRegion = English;
			hasScannedForEncodings = 0;
			knownRegions = (
				en,
			);
			mainGroup = 184B71DC1733FA2E0017273F;
			productRefGroup = 184B71E61733FA2F0017273F /* Products */;
			projectDirPath = "";
			projectRoot = "";
			targets = (
				184B71E41733FA2F0017273F /* Best Weather */,
			);
		};
/* End PBXProject section */

/* Begin PBXResourcesBuildPhase section */
		184B71E31733FA2F0017273F /* Resources */ = {
			isa = PBXResourcesBuildPhase;
			buildActionMask = 2147483647;
			files = (
				184B71F31733FA2F0017273F /* InfoPlist.strings in Resources */,
				184B71FB1733FA2F0017273F /* Default.png in Resources */,
				184B71FD1733FA2F0017273F /* Default@2x.png in Resources */,
				184B71FF1733FA2F0017273F /* Default-568h@2x.png in Resources */,
				184B72021733FA2F0017273F /* MainStoryboard.storyboard in Resources */,
				184B721B173507600017273F /* clear.png in Resources */,
				184B721D1735076A0017273F /* cloudy.png in Resources */,
				184B721F173507790017273F /* rainy.png in Resources */,
				184B7221173507860017273F /* snow.png in Resources */,
				184B72231735078F0017273F /* storm.png in Resources */,
				184B7225173513420017273F /* ash.png in Resources */,
				184B72271735139F0017273F /* dust.png in Resources */,
				184B7229173513AE0017273F /* fog.png in Resources */,
				184B722B173513B90017273F /* hail.png in Resources */,
				184B722D173513C40017273F /* sand.png in Resources */,
				184B722F173557680017273F /* clouds.png in Resources */,
				184B72311735577F0017273F /* overcast.png in Resources */,
				184B723C17445F3C0017273F /* icon.png in Resources */,
				184B7241174468740017273F /* sunny.png in Resources */,
				184B7243174468840017273F /* chanceofstorm.png in Resources */,
				184B7246174468B20017273F /* chanceofrain.png in Resources */,
				184B7247174468B20017273F /* chanceofsnow.png in Resources */,
				184B7249174468E10017273F /* cloudypic.png in Resources */,
				184B724B1744696C0017273F /* fogpic.png in Resources */,
				184B724D174469740017273F /* hazepic.png in Resources */,
				184B724F174469AC0017273F /* overcastpic.png in Resources */,
				184B7251174469B50017273F /* partlysunnypic.png in Resources */,
				184B7253174469C00017273F /* smokepic.png in Resources */,
				184B7255174469FC0017273F /* na.png in Resources */,
			);
			runOnlyForDeploymentPostprocessing = 0;
		};
/* End PBXResourcesBuildPhase section */

/* Begin PBXSourcesBuildPhase section */
		184B71E11733FA2F0017273F /* Sources */ = {
			isa = PBXSourcesBuildPhase;
			buildActionMask = 2147483647;
			files = (
				184B71F51733FA2F0017273F /* main.m in Sources */,
				184B71F91733FA2F0017273F /* BWAppDelegate.m in Sources */,
				184B72051733FA2F0017273F /* BWViewController.m in Sources */,
				184B720D173403B10017273F /* BWWeatherXMLParser.m in Sources */,
				184B72101734064F0017273F /* BWWeather.m in Sources */,
				184B721317343EA50017273F /* BWLocationManager.m in Sources */,
				184B72381743DE000017273F /* BWWeatherModel.xcdatamodeld in Sources */,
				184B723F174460BF0017273F /* BWForecastViewController.m in Sources */,
				184B725817446B7C0017273F /* BWForecast.m in Sources */,
			);
			runOnlyForDeploymentPostprocessing = 0;
		};
/* End PBXSourcesBuildPhase section */

/* Begin PBXVariantGroup section */
		184B71F11733FA2F0017273F /* InfoPlist.strings */ = {
			isa = PBXVariantGroup;
			children = (
				184B71F21733FA2F0017273F /* en */,
			);
			name = InfoPlist.strings;
			sourceTree = "<group>";
		};
		184B72001733FA2F0017273F /* MainStoryboard.storyboard */ = {
			isa = PBXVariantGroup;
			children = (
				184B72011733FA2F0017273F /* en */,
			);
			name = MainStoryboard.storyboard;
			sourceTree = "<group>";
		};
/* End PBXVariantGroup section */

/* Begin XCBuildConfiguration section */
		184B72061733FA2F0017273F /* Debug */ = {
			isa = XCBuildConfiguration;
			buildSettings = {
				ALWAYS_SEARCH_USER_PATHS = NO;
				CLANG_CXX_LANGUAGE_STANDARD = "gnu++0x";
				CLANG_CXX_LIBRARY = "libc++";
				CLANG_ENABLE_OBJC_ARC = YES;
				CLANG_WARN_CONSTANT_CONVERSION = YES;
				CLANG_WARN_EMPTY_BODY = YES;
				CLANG_WARN_ENUM_CONVERSION = YES;
				CLANG_WARN_INT_CONVERSION = YES;
				CLANG_WARN__DUPLICATE_METHOD_MATCH = YES;
				"CODE_SIGN_IDENTITY[sdk=iphoneos*]" = "iPhone Developer";
				COPY_PHASE_STRIP = NO;
				GCC_C_LANGUAGE_STANDARD = gnu99;
				GCC_DYNAMIC_NO_PIC = NO;
				GCC_OPTIMIZATION_LEVEL = 0;
				GCC_PREPROCESSOR_DEFINITIONS = (
					"DEBUG=1",
					"$(inherited)",
				);
				GCC_SYMBOLS_PRIVATE_EXTERN = NO;
				GCC_WARN_ABOUT_RETURN_TYPE = YES;
				GCC_WARN_UNINITIALIZED_AUTOS = YES;
				GCC_WARN_UNUSED_VARIABLE = YES;
				IPHONEOS_DEPLOYMENT_TARGET = 6.1;
				ONLY_ACTIVE_ARCH = YES;
				SDKROOT = iphoneos;
			};
			name = Debug;
		};
		184B72071733FA2F0017273F /* Release */ = {
			isa = XCBuildConfiguration;
			buildSettings = {
				ALWAYS_SEARCH_USER_PATHS = NO;
				CLANG_CXX_LANGUAGE_STANDARD = "gnu++0x";
				CLANG_CXX_LIBRARY = "libc++";
				CLANG_ENABLE_OBJC_ARC = YES;
				CLANG_WARN_CONSTANT_CONVERSION = YES;
				CLANG_WARN_EMPTY_BODY = YES;
				CLANG_WARN_ENUM_CONVERSION = YES;
				CLANG_WARN_INT_CONVERSION = YES;
				CLANG_WARN__DUPLICATE_METHOD_MATCH = YES;
				"CODE_SIGN_IDENTITY[sdk=iphoneos*]" = "iPhone Developer";
				COPY_PHASE_STRIP = YES;
				GCC_C_LANGUAGE_STANDARD = gnu99;
				GCC_WARN_ABOUT_RETURN_TYPE = YES;
				GCC_WARN_UNINITIALIZED_AUTOS = YES;
				GCC_WARN_UNUSED_VARIABLE = YES;
				IPHONEOS_DEPLOYMENT_TARGET = 6.1;
				OTHER_CFLAGS = "-DNS_BLOCK_ASSERTIONS=1";
				SDKROOT = iphoneos;
				VALIDATE_PRODUCT = YES;
			};
			name = Release;
		};
		184B72091733FA2F0017273F /* Debug */ = {
			isa = XCBuildConfiguration;
			buildSettings = {
				GCC_PRECOMPILE_PREFIX_HEADER = YES;
				GCC_PREFIX_HEADER = "Best Weather/Best Weather-Prefix.pch";
				INFOPLIST_FILE = "Best Weather/Best Weather-Info.plist";
				PRODUCT_NAME = "$(TARGET_NAME)";
				WRAPPER_EXTENSION = app;
			};
			name = Debug;
		};
		184B720A1733FA2F0017273F /* Release */ = {
			isa = XCBuildConfiguration;
			buildSettings = {
				GCC_PRECOMPILE_PREFIX_HEADER = YES;
				GCC_PREFIX_HEADER = "Best Weather/Best Weather-Prefix.pch";
				INFOPLIST_FILE = "Best Weather/Best Weather-Info.plist";
				PRODUCT_NAME = "$(TARGET_NAME)";
				WRAPPER_EXTENSION = app;
			};
			name = Release;
		};
/* End XCBuildConfiguration section */

/* Begin XCConfigurationList section */
		184B71E01733FA2F0017273F /* Build configuration list for PBXProject "Best Weather" */ = {
			isa = XCConfigurationList;
			buildConfigurations = (
				184B72061733FA2F0017273F /* Debug */,
				184B72071733FA2F0017273F /* Release */,
			);
			defaultConfigurationIsVisible = 0;
			defaultConfigurationName = Release;
		};
		184B72081733FA2F0017273F /* Build configuration list for PBXNativeTarget "Best Weather" */ = {
			isa = XCConfigurationList;
			buildConfigurations = (
				184B72091733FA2F0017273F /* Debug */,
				184B720A1733FA2F0017273F /* Release */,
			);
			defaultConfigurationIsVisible = 0;
			defaultConfigurationName = Release;
		};
/* End XCConfigurationList section */

/* Begin XCVersionGroup section */
		184B72361743DE000017273F /* BWWeatherModel.xcdatamodeld */ = {
			isa = XCVersionGroup;
			children = (
				184B72371743DE000017273F /* BWWeatherModel.xcdatamodel */,
			);
			currentVersion = 184B72371743DE000017273F /* BWWeatherModel.xcdatamodel */;
			path = BWWeatherModel.xcdatamodeld;
			sourceTree = "<group>";
			versionGroupType = wrapper.xcdatamodel;
		};
/* End XCVersionGroup section */
	};
	rootObject = 184B71DD1733FA2F0017273F /* Project object */;
}
